// !$*UTF8*$!
{
	archiveVersion = 1;
	classes = {
	};
	objectVersion = 77;
	objects = {

/* Begin PBXContainerItemProxy section */
		5C8362D82E6E982700CD9397 /* PBXContainerItemProxy */ = {
			isa = PBXContainerItemProxy;
			containerPortal = 5C8362C02E6E982500CD9397 /* Project object */;
			proxyType = 1;
			remoteGlobalIDString = 5C8362C72E6E982500CD9397;
			remoteInfo = FuturePanel;
		};
		5C8362E22E6E982700CD9397 /* PBXContainerItemProxy */ = {
			isa = PBXContainerItemProxy;
			containerPortal = 5C8362C02E6E982500CD9397 /* Project object */;
			proxyType = 1;
			remoteGlobalIDString = 5C8362C72E6E982500CD9397;
			remoteInfo = FuturePanel;
		};
/* End PBXContainerItemProxy section */

/* Begin PBXFileReference section */
		5C8362C82E6E982500CD9397 /* FuturePanel.app */ = {isa = PBXFileReference; explicitFileType = wrapper.application; includeInIndex = 0; path = FuturePanel.app; sourceTree = BUILT_PRODUCTS_DIR; };
		5C8362D72E6E982700CD9397 /* FuturePanelTests.xctest */ = {isa = PBXFileReference; explicitFileType = wrapper.cfbundle; includeInIndex = 0; path = FuturePanelTests.xctest; sourceTree = BUILT_PRODUCTS_DIR; };
		5C8362E12E6E982700CD9397 /* FuturePanelUITests.xctest */ = {isa = PBXFileReference; explicitFileType = wrapper.cfbundle; includeInIndex = 0; path = FuturePanelUITests.xctest; sourceTree = BUILT_PRODUCTS_DIR; };
/* End PBXFileReference section */

/* Begin PBXFileSystemSynchronizedRootGroup section */
		5C8362CA2E6E982500CD9397 /* FuturePanel */ = {
			isa = PBXFileSystemSynchronizedRootGroup;
			path = FuturePanel;
			sourceTree = "<group>";
		};
		5C8362DA2E6E982700CD9397 /* FuturePanelTests */ = {
			isa = PBXFileSystemSynchronizedRootGroup;
			path = FuturePanelTests;
			sourceTree = "<group>";
		};
		5C8362E42E6E982700CD9397 /* FuturePanelUITests */ = {
			isa = PBXFileSystemSynchronizedRootGroup;
			path = FuturePanelUITests;
			sourceTree = "<group>";
		};
/* End PBXFileSystemSynchronizedRootGroup section */

/* Begin PBXFrameworksBuildPhase section */
		5C8362C52E6E982500CD9397 /* Frameworks */ = {
			isa = PBXFrameworksBuildPhase;
			buildActionMask = 2147483647;
			files = (
			);
			runOnlyForDeploymentPostprocessing = 0;
		};
		5C8362D42E6E982700CD9397 /* Frameworks */ = {
			isa = PBXFrameworksBuildPhase;
			buildActionMask = 2147483647;
			files = (
			);
			runOnlyForDeploymentPostprocessing = 0;
		};
		5C8362DE2E6E982700CD9397 /* Frameworks */ = {
			isa = PBXFrameworksBuildPhase;
			buildActionMask = 2147483647;
			files = (
			);
			runOnlyForDeploymentPostprocessing = 0;
		};
/* End PBXFrameworksBuildPhase section */

/* Begin PBXGroup section */
		5C8362BF2E6E982500CD9397 = {
			isa = PBXGroup;
			children = (
				5C8362CA2E6E982500CD9397 /* FuturePanel */,
				5C8362DA2E6E982700CD9397 /* FuturePanelTests */,
				5C8362E42E6E982700CD9397 /* FuturePanelUITests */,
				5C8362C92E6E982500CD9397 /* Products */,
			);
			sourceTree = "<group>";
		};
		5C8362C92E6E982500CD9397 /* Products */ = {
			isa = PBXGroup;
			children = (
				5C8362C82E6E982500CD9397 /* FuturePanel.app */,
				5C8362D72E6E982700CD9397 /* FuturePanelTests.xctest */,
				5C8362E12E6E982700CD9397 /* FuturePanelUITests.xctest */,
			);
			name = Products;
			sourceTree = "<group>";
		};
/* End PBXGroup section */

/* Begin PBXNativeTarget section */
		5C8362C72E6E982500CD9397 /* FuturePanel */ = {
			isa = PBXNativeTarget;
			buildConfigurationList = 5C8362EB2E6E982700CD9397 /* Build configuration list for PBXNativeTarget "FuturePanel" */;
			buildPhases = (
				5C8362C42E6E982500CD9397 /* Sources */,
				5C8362C52E6E982500CD9397 /* Frameworks */,
				5C8362C62E6E982500CD9397 /* Resources */,
			);
			buildRules = (
			);
			dependencies = (
			);
			fileSystemSynchronizedGroups = (
				5C8362CA2E6E982500CD9397 /* FuturePanel */,
			);
			name = FuturePanel;
			packageProductDependencies = (
			);
			productName = FuturePanel;
			productReference = 5C8362C82E6E982500CD9397 /* FuturePanel.app */;
			productType = "com.apple.product-type.application";
		};
		5C8362D62E6E982700CD9397 /* FuturePanelTests */ = {
			isa = PBXNativeTarget;
			buildConfigurationList = 5C8362EE2E6E982700CD9397 /* Build configuration list for PBXNativeTarget "FuturePanelTests" */;
			buildPhases = (
				5C8362D32E6E982700CD9397 /* Sources */,
				5C8362D42E6E982700CD9397 /* Frameworks */,
				5C8362D52E6E982700CD9397 /* Resources */,
			);
			buildRules = (
			);
			dependencies = (
				5C8362D92E6E982700CD9397 /* PBXTargetDependency */,
			);
			fileSystemSynchronizedGroups = (
				5C8362DA2E6E982700CD9397 /* FuturePanelTests */,
			);
			name = FuturePanelTests;
			packageProductDependencies = (
			);
			productName = FuturePanelTests;
			productReference = 5C8362D72E6E982700CD9397 /* FuturePanelTests.xctest */;
			productType = "com.apple.product-type.bundle.unit-test";
		};
		5C8362E02E6E982700CD9397 /* FuturePanelUITests */ = {
			isa = PBXNativeTarget;
			buildConfigurationList = 5C8362F12E6E982700CD9397 /* Build configuration list for PBXNativeTarget "FuturePanelUITests" */;
			buildPhases = (
				5C8362DD2E6E982700CD9397 /* Sources */,
				5C8362DE2E6E982700CD9397 /* Frameworks */,
				5C8362DF2E6E982700CD9397 /* Resources */,
			);
			buildRules = (
			);
			dependencies = (
				5C8362E32E6E982700CD9397 /* PBXTargetDependency */,
			);
			fileSystemSynchronizedGroups = (
				5C8362E42E6E982700CD9397 /* FuturePanelUITests */,
			);
			name = FuturePanelUITests;
			packageProductDependencies = (
			);
			productName = FuturePanelUITests;
			productReference = 5C8362E12E6E982700CD9397 /* FuturePanelUITests.xctest */;
			productType = "com.apple.product-type.bundle.ui-testing";
		};
/* End PBXNativeTarget section */

/* Begin PBXProject section */
		5C8362C02E6E982500CD9397 /* Project object */ = {
			isa = PBXProject;
			attributes = {
				BuildIndependentTargetsInParallel = 1;
				LastSwiftUpdateCheck = 1640;
				LastUpgradeCheck = 1640;
				TargetAttributes = {
					5C8362C72E6E982500CD9397 = {
						CreatedOnToolsVersion = 16.4;
					};
					5C8362D62E6E982700CD9397 = {
						CreatedOnToolsVersion = 16.4;
						TestTargetID = 5C8362C72E6E982500CD9397;
					};
					5C8362E02E6E982700CD9397 = {
						CreatedOnToolsVersion = 16.4;
						TestTargetID = 5C8362C72E6E982500CD9397;
					};
				};
			};
			buildConfigurationList = 5C8362C32E6E982500CD9397 /* Build configuration list for PBXProject "FuturePanel" */;
			developmentRegion = en;
			hasScannedForEncodings = 0;
			knownRegions = (
				en,
				Base,
			);
			mainGroup = 5C8362BF2E6E982500CD9397;
			minimizedProjectReferenceProxies = 1;
			preferredProjectObjectVersion = 77;
			productRefGroup = 5C8362C92E6E982500CD9397 /* Products */;
			projectDirPath = "";
			projectRoot = "";
			targets = (
				5C8362C72E6E982500CD9397 /* FuturePanel */,
				5C8362D62E6E982700CD9397 /* FuturePanelTests */,
				5C8362E02E6E982700CD9397 /* FuturePanelUITests */,
			);
		};
/* End PBXProject section */

/* Begin PBXResourcesBuildPhase section */
		5C8362C62E6E982500CD9397 /* Resources */ = {
			isa = PBXResourcesBuildPhase;
			buildActionMask = 2147483647;
			files = (
			);
			runOnlyForDeploymentPostprocessing = 0;
		};
		5C8362D52E6E982700CD9397 /* Resources */ = {
			isa = PBXResourcesBuildPhase;
			buildActionMask = 2147483647;
			files = (
			);
			runOnlyForDeploymentPostprocessing = 0;
		};
		5C8362DF2E6E982700CD9397 /* Resources */ = {
			isa = PBXResourcesBuildPhase;
			buildActionMask = 2147483647;
			files = (
			);
			runOnlyForDeploymentPostprocessing = 0;
		};
/* End PBXResourcesBuildPhase section */

/* Begin PBXSourcesBuildPhase section */
		5C8362C42E6E982500CD9397 /* Sources */ = {
			isa = PBXSourcesBuildPhase;
			buildActionMask = 2147483647;
			files = (
			);
			runOnlyForDeploymentPostprocessing = 0;
		};
		5C8362D32E6E982700CD9397 /* Sources */ = {
			isa = PBXSourcesBuildPhase;
			buildActionMask = 2147483647;
			files = (
			);
			runOnlyForDeploymentPostprocessing = 0;
		};
		5C8362DD2E6E982700CD9397 /* Sources */ = {
			isa = PBXSourcesBuildPhase;
			buildActionMask = 2147483647;
			files = (
			);
			runOnlyForDeploymentPostprocessing = 0;
		};
/* End PBXSourcesBuildPhase section */

/* Begin PBXTargetDependency section */
		5C8362D92E6E982700CD9397 /* PBXTargetDependency */ = {
			isa = PBXTargetDependency;
			target = 5C8362C72E6E982500CD9397 /* FuturePanel */;
			targetProxy = 5C8362D82E6E982700CD9397 /* PBXContainerItemProxy */;
		};
		5C8362E32E6E982700CD9397 /* PBXTargetDependency */ = {
			isa = PBXTargetDependency;
			target = 5C8362C72E6E982500CD9397 /* FuturePanel */;
			targetProxy = 5C8362E22E6E982700CD9397 /* PBXContainerItemProxy */;
		};
/* End PBXTargetDependency section */

/* Begin XCBuildConfiguration section */
		5C8362E92E6E982700CD9397 /* Debug */ = {
			isa = XCBuildConfiguration;
			buildSettings = {
				ALWAYS_SEARCH_USER_PATHS = NO;
				ASSETCATALOG_COMPILER_GENERATE_SWIFT_ASSET_SYMBOL_EXTENSIONS = YES;
				CLANG_ANALYZER_NONNULL = YES;
				CLANG_ANALYZER_NUMBER_OBJECT_CONVERSION = YES_AGGRESSIVE;
				CLANG_CXX_LANGUAGE_STANDARD = "gnu++20";
				CLANG_ENABLE_MODULES = YES;
				CLANG_ENABLE_OBJC_ARC = YES;
				CLANG_ENABLE_OBJC_WEAK = YES;
				CLANG_WARN_BLOCK_CAPTURE_AUTORELEASING = YES;
				CLANG_WARN_BOOL_CONVERSION = YES;
				CLANG_WARN_COMMA = YES;
				CLANG_WARN_CONSTANT_CONVERSION = YES;
				CLANG_WARN_DEPRECATED_OBJC_IMPLEMENTATIONS = YES;
				CLANG_WARN_DIRECT_OBJC_ISA_USAGE = YES_ERROR;
				CLANG_WARN_DOCUMENTATION_COMMENTS = YES;
				CLANG_WARN_EMPTY_BODY = YES;
				CLANG_WARN_ENUM_CONVERSION = YES;
				CLANG_WARN_INFINITE_RECURSION = YES;
				CLANG_WARN_INT_CONVERSION = YES;
				CLANG_WARN_NON_LITERAL_NULL_CONVERSION = YES;
				CLANG_WARN_OBJC_IMPLICIT_RETAIN_SELF = YES;
				CLANG_WARN_OBJC_LITERAL_CONVERSION = YES;
				CLANG_WARN_OBJC_ROOT_CLASS = YES_ERROR;
				CLANG_WARN_QUOTED_INCLUDE_IN_FRAMEWORK_HEADER = YES;
				CLANG_WARN_RANGE_LOOP_ANALYSIS = YES;
				CLANG_WARN_STRICT_PROTOTYPES = YES;
				CLANG_WARN_SUSPICIOUS_MOVE = YES;
				CLANG_WARN_UNGUARDED_AVAILABILITY = YES_AGGRESSIVE;
				CLANG_WARN_UNREACHABLE_CODE = YES;
				CLANG_WARN__DUPLICATE_METHOD_MATCH = YES;
				COPY_PHASE_STRIP = NO;
				DEBUG_INFORMATION_FORMAT = dwarf;
				DEVELOPMENT_TEAM = W49B66SUW3;
				ENABLE_STRICT_OBJC_MSGSEND = YES;
				ENABLE_TESTABILITY = YES;
				ENABLE_USER_SCRIPT_SANDBOXING = YES;
				GCC_C_LANGUAGE_STANDARD = gnu17;
				GCC_DYNAMIC_NO_PIC = NO;
				GCC_NO_COMMON_BLOCKS = YES;
				GCC_OPTIMIZATION_LEVEL = 0;
				GCC_PREPROCESSOR_DEFINITIONS = (
					"DEBUG=1",
					"$(inherited)",
				);
				GCC_WARN_64_TO_32_BIT_CONVERSION = YES;
				GCC_WARN_ABOUT_RETURN_TYPE = YES_ERROR;
				GCC_WARN_UNDECLARED_SELECTOR = YES;
				GCC_WARN_UNINITIALIZED_AUTOS = YES_AGGRESSIVE;
				GCC_WARN_UNUSED_FUNCTION = YES;
				GCC_WARN_UNUSED_VARIABLE = YES;
				LOCALIZATION_PREFERS_STRING_CATALOGS = YES;
				MACOSX_DEPLOYMENT_TARGET = 12.0;
				MTL_ENABLE_DEBUG_INFO = INCLUDE_SOURCE;
				MTL_FAST_MATH = YES;
				ONLY_ACTIVE_ARCH = YES;
				SDKROOT = macosx;
				SWIFT_ACTIVE_COMPILATION_CONDITIONS = "DEBUG $(inherited)";
				SWIFT_OPTIMIZATION_LEVEL = "-Onone";
			};
			name = Debug;
		};
		5C8362EA2E6E982700CD9397 /* Release */ = {
			isa = XCBuildConfiguration;
			buildSettings = {
				ALWAYS_SEARCH_USER_PATHS = NO;
				ASSETCATALOG_COMPILER_GENERATE_SWIFT_ASSET_SYMBOL_EXTENSIONS = YES;
				CLANG_ANALYZER_NONNULL = YES;
				CLANG_ANALYZER_NUMBER_OBJECT_CONVERSION = YES_AGGRESSIVE;
				CLANG_CXX_LANGUAGE_STANDARD = "gnu++20";
				CLANG_ENABLE_MODULES = YES;
				CLANG_ENABLE_OBJC_ARC = YES;
				CLANG_ENABLE_OBJC_WEAK = YES;
				CLANG_WARN_BLOCK_CAPTURE_AUTORELEASING = YES;
				CLANG_WARN_BOOL_CONVERSION = YES;
				CLANG_WARN_COMMA = YES;
				CLANG_WARN_CONSTANT_CONVERSION = YES;
				CLANG_WARN_DEPRECATED_OBJC_IMPLEMENTATIONS = YES;
				CLANG_WARN_DIRECT_OBJC_ISA_USAGE = YES_ERROR;
				CLANG_WARN_DOCUMENTATION_COMMENTS = YES;
				CLANG_WARN_EMPTY_BODY = YES;
				CLANG_WARN_ENUM_CONVERSION = YES;
				CLANG_WARN_INFINITE_RECURSION = YES;
				CLANG_WARN_INT_CONVERSION = YES;
				CLANG_WARN_NON_LITERAL_NULL_CONVERSION = YES;
				CLANG_WARN_OBJC_IMPLICIT_RETAIN_SELF = YES;
				CLANG_WARN_OBJC_LITERAL_CONVERSION = YES;
				CLANG_WARN_OBJC_ROOT_CLASS = YES_ERROR;
				CLANG_WARN_QUOTED_INCLUDE_IN_FRAMEWORK_HEADER = YES;
				CLANG_WARN_RANGE_LOOP_ANALYSIS = YES;
				CLANG_WARN_STRICT_PROTOTYPES = YES;
				CLANG_WARN_SUSPICIOUS_MOVE = YES;
				CLANG_WARN_UNGUARDED_AVAILABILITY = YES_AGGRESSIVE;
				CLANG_WARN_UNREACHABLE_CODE = YES;
				CLANG_WARN__DUPLICATE_METHOD_MATCH = YES;
				COPY_PHASE_STRIP = NO;
				DEBUG_INFORMATION_FORMAT = "dwarf-with-dsym";
				DEVELOPMENT_TEAM = W49B66SUW3;
				ENABLE_NS_ASSERTIONS = NO;
				ENABLE_STRICT_OBJC_MSGSEND = YES;
				ENABLE_USER_SCRIPT_SANDBOXING = YES;
				GCC_C_LANGUAGE_STANDARD = gnu17;
				GCC_NO_COMMON_BLOCKS = YES;
				GCC_WARN_64_TO_32_BIT_CONVERSION = YES;
				GCC_WARN_ABOUT_RETURN_TYPE = YES_ERROR;
				GCC_WARN_UNDECLARED_SELECTOR = YES;
				GCC_WARN_UNINITIALIZED_AUTOS = YES_AGGRESSIVE;
				GCC_WARN_UNUSED_FUNCTION = YES;
				GCC_WARN_UNUSED_VARIABLE = YES;
				LOCALIZATION_PREFERS_STRING_CATALOGS = YES;
				MACOSX_DEPLOYMENT_TARGET = 12.0;
				MTL_ENABLE_DEBUG_INFO = NO;
				MTL_FAST_MATH = YES;
				SDKROOT = macosx;
				SWIFT_COMPILATION_MODE = wholemodule;
				VALIDATE_PRODUCT = YES;
			};
			name = Release;
		};
		5C8362EC2E6E982700CD9397 /* Debug */ = {
			isa = XCBuildConfiguration;
			buildSettings = {
				ASSETCATALOG_COMPILER_APPICON_NAME = AppIcon;
				ASSETCATALOG_COMPILER_GLOBAL_ACCENT_COLOR_NAME = AccentColor;
				CODE_SIGN_STYLE = Automatic;
				CURRENT_PROJECT_VERSION = 1;
				DEVELOPMENT_TEAM = W49B66SUW3;
				ENABLE_PREVIEWS = YES;
				GENERATE_INFOPLIST_FILE = YES;
				INFOPLIST_KEY_NSPrincipalClass = NSApplication;
				LD_RUNPATH_SEARCH_PATHS = (
					"$(inherited)",
					"@executable_path/Frameworks",
				);
				MACOSX_DEPLOYMENT_TARGET = 15.0;
				MARKETING_VERSION = 1.0;
				PRODUCT_BUNDLE_IDENTIFIER = com.wxside.FuturePanel;
				PRODUCT_NAME = "$(TARGET_NAME)";
				SWIFT_EMIT_LOC_STRINGS = YES;
				SWIFT_VERSION = 5.0;
			};
			name = Debug;
		};
		5C8362ED2E6E982700CD9397 /* Release */ = {
			isa = XCBuildConfiguration;
			buildSettings = {
				ASSETCATALOG_COMPILER_APPICON_NAME = AppIcon;
				ASSETCATALOG_COMPILER_GLOBAL_ACCENT_COLOR_NAME = AccentColor;
				CODE_SIGN_STYLE = Automatic;
				CURRENT_PROJECT_VERSION = 1;
				DEVELOPMENT_TEAM = W49B66SUW3;
				ENABLE_PREVIEWS = YES;
				GENERATE_INFOPLIST_FILE = YES;
				INFOPLIST_KEY_NSPrincipalClass = NSApplication;
				LD_RUNPATH_SEARCH_PATHS = (
					"$(inherited)",
					"@executable_path/Frameworks",
				);
				MACOSX_DEPLOYMENT_TARGET = 15.0;
				MARKETING_VERSION = 1.0;
				PRODUCT_BUNDLE_IDENTIFIER = com.wxside.FuturePanel;
				PRODUCT_NAME = "$(TARGET_NAME)";
				SWIFT_EMIT_LOC_STRINGS = YES;
				SWIFT_VERSION = 5.0;
			};
			name = Release;
		};
		5C8362EF2E6E982700CD9397 /* Debug */ = {
			isa = XCBuildConfiguration;
			buildSettings = {
				BUNDLE_LOADER = "$(TEST_HOST)";
				CODE_SIGN_STYLE = Automatic;
				CURRENT_PROJECT_VERSION = 1;
				DEVELOPMENT_TEAM = W49B66SUW3;
				GENERATE_INFOPLIST_FILE = YES;
				IPHONEOS_DEPLOYMENT_TARGET = 18.5;
				MARKETING_VERSION = 1.0;
				PRODUCT_BUNDLE_IDENTIFIER = com.wxside.FuturePanelTests;
				PRODUCT_NAME = "$(TARGET_NAME)";
				SWIFT_EMIT_LOC_STRINGS = NO;
				SWIFT_VERSION = 5.0;
				TARGETED_DEVICE_FAMILY = "1,2";
				TEST_HOST = "$(BUILT_PRODUCTS_DIR)/FuturePanel.app/$(BUNDLE_EXECUTABLE_FOLDER_PATH)/FuturePanel";
			};
			name = Debug;
		};
		5C8362F02E6E982700CD9397 /* Release */ = {
			isa = XCBuildConfiguration;
			buildSettings = {
				BUNDLE_LOADER = "$(TEST_HOST)";
				CODE_SIGN_STYLE = Automatic;
				CURRENT_PROJECT_VERSION = 1;
				DEVELOPMENT_TEAM = W49B66SUW3;
				GENERATE_INFOPLIST_FILE = YES;
				IPHONEOS_DEPLOYMENT_TARGET = 18.5;
				MARKETING_VERSION = 1.0;
				PRODUCT_BUNDLE_IDENTIFIER = com.wxside.FuturePanelTests;
				PRODUCT_NAME = "$(TARGET_NAME)";
				SWIFT_EMIT_LOC_STRINGS = NO;
				SWIFT_VERSION = 5.0;
				TARGETED_DEVICE_FAMILY = "1,2";
				TEST_HOST = "$(BUILT_PRODUCTS_DIR)/FuturePanel.app/$(BUNDLE_EXECUTABLE_FOLDER_PATH)/FuturePanel";
			};
			name = Release;
		};
		5C8362F22E6E982700CD9397 /* Debug */ = {
			isa = XCBuildConfiguration;
			buildSettings = {
				CODE_SIGN_STYLE = Automatic;
				CURRENT_PROJECT_VERSION = 1;
				DEVELOPMENT_TEAM = W49B66SUW3;
				GENERATE_INFOPLIST_FILE = YES;
				MARKETING_VERSION = 1.0;
				PRODUCT_BUNDLE_IDENTIFIER = com.wxside.FuturePanelUITests;
				PRODUCT_NAME = "$(TARGET_NAME)";
				SWIFT_EMIT_LOC_STRINGS = NO;
				SWIFT_VERSION = 5.0;
				TARGETED_DEVICE_FAMILY = "1,2";
				TEST_TARGET_NAME = FuturePanel;
			};
			name = Debug;
		};
		5C8362F32E6E982700CD9397 /* Release */ = {
			isa = XCBuildConfiguration;
			buildSettings = {
				CODE_SIGN_STYLE = Automatic;
				CURRENT_PROJECT_VERSION = 1;
				DEVELOPMENT_TEAM = W49B66SUW3;
				GENERATE_INFOPLIST_FILE = YES;
				MARKETING_VERSION = 1.0;
				PRODUCT_BUNDLE_IDENTIFIER = com.wxside.FuturePanelUITests;
				PRODUCT_NAME = "$(TARGET_NAME)";
				SWIFT_EMIT_LOC_STRINGS = NO;
				SWIFT_VERSION = 5.0;
				TARGETED_DEVICE_FAMILY = "1,2";
				TEST_TARGET_NAME = FuturePanel;
			};
			name = Release;
		};
/* End XCBuildConfiguration section */

/* Begin XCConfigurationList section */
		5C8362C32E6E982500CD9397 /* Build configuration list for PBXProject "FuturePanel" */ = {
			isa = XCConfigurationList;
			buildConfigurations = (
				5C8362E92E6E982700CD9397 /* Debug */,
				5C8362EA2E6E982700CD9397 /* Release */,
			);
			defaultConfigurationIsVisible = 0;
			defaultConfigurationName = Release;
		};
		5C8362EB2E6E982700CD9397 /* Build configuration list for PBXNativeTarget "FuturePanel" */ = {
			isa = XCConfigurationList;
			buildConfigurations = (
				5C8362EC2E6E982700CD9397 /* Debug */,
				5C8362ED2E6E982700CD9397 /* Release */,
			);
			defaultConfigurationIsVisible = 0;
			defaultConfigurationName = Release;
		};
		5C8362EE2E6E982700CD9397 /* Build configuration list for PBXNativeTarget "FuturePanelTests" */ = {
			isa = XCConfigurationList;
			buildConfigurations = (
				5C8362EF2E6E982700CD9397 /* Debug */,
				5C8362F02E6E982700CD9397 /* Release */,
			);
			defaultConfigurationIsVisible = 0;
			defaultConfigurationName = Release;
		};
		5C8362F12E6E982700CD9397 /* Build configuration list for PBXNativeTarget "FuturePanelUITests" */ = {
			isa = XCConfigurationList;
			buildConfigurations = (
				5C8362F22E6E982700CD9397 /* Debug */,
				5C8362F32E6E982700CD9397 /* Release */,
			);
			defaultConfigurationIsVisible = 0;
			defaultConfigurationName = Release;
		};
/* End XCConfigurationList section */
	};
	rootObject = 5C8362C02E6E982500CD9397 /* Project object */;
}
